<?xml version="1.0" encoding="utf-8"?>
<Project ToolsVersion="4.0" xmlns="http://schemas.microsoft.com/developer/msbuild/2003">
  <ItemGroup>
    <Filter Include="application">
      <UniqueIdentifier>{8ce7bb7f-306a-4c9c-ae67-8ae17abc3a4f}</UniqueIdentifier>
    </Filter>
    <Filter Include="library">
      <UniqueIdentifier>{bd5e1cc7-3ad9-4c16-98f9-7e56a22b2d9a}</UniqueIdentifier>
    </Filter>
  </ItemGroup>
  <ItemGroup>
    <ClCompile Include="main.cpp">
      <Filter>application</Filter>
    </ClCompile>
    <ClCompile Include="Core\User\User.cpp" />
    <ClCompile Include="Core\User\UserProvider\UserProvider.cpp" />
    <ClCompile Include="Ui\Screen\ClientScreen\ClientScreen.cpp" />
    <ClCompile Include="Ui\Screen\Screen.cpp" />
    <ClCompile Include="Core\Music\Music.cpp" />
  </ItemGroup>
  <ItemGroup>
    <ClInclude Include="Core\User\User.h" />
    <ClInclude Include="Core\User\UserProvider\UserProvider.h" />
    <ClInclude Include="Library\Library.h" />
    <ClInclude Include="Ui\Screen\ClientScreen\ClientScreen.h" />
    <ClInclude Include="Ui\Screen\Screen.h" />
    <ClInclude Include="Core\Music\Music.h" />
  </ItemGroup>
  <ItemGroup>
    <None Include="Data\UserData.csv" />
  </ItemGroup>
</Project>