<?xml version="1.0" encoding="utf-8"?>
<Project ToolsVersion="4.0" xmlns="http://schemas.microsoft.com/developer/msbuild/2003">
  <ItemGroup>
    <Filter Include="Core">
      <UniqueIdentifier>{4b7c1c61-374d-4b72-bb88-40441ad1837e}</UniqueIdentifier>
    </Filter>
    <Filter Include="Library">
      <UniqueIdentifier>{bd5e1cc7-3ad9-4c16-98f9-7e56a22b2d9a}</UniqueIdentifier>
    </Filter>
    <Filter Include="Main">
      <UniqueIdentifier>{8ce7bb7f-306a-4c9c-ae67-8ae17abc3a4f}</UniqueIdentifier>
    </Filter>
    <Filter Include="Data">
      <UniqueIdentifier>{fc512bde-91b7-4aef-bb4d-e1c9469df9fc}</UniqueIdentifier>
    </Filter>
    <Filter Include="Ui">
      <UniqueIdentifier>{37abfced-9ad2-4204-9040-5e4e022fddce}</UniqueIdentifier>
    </Filter>
    <Filter Include="Ui\Screen">
      <UniqueIdentifier>{09f7226a-1fa7-4b89-9c32-e4bc7bda9249}</UniqueIdentifier>
    </Filter>
    <Filter Include="Ui\Screen\ClientScreen">
      <UniqueIdentifier>{17d9c49b-bc14-4937-a176-7055eaa8c4b7}</UniqueIdentifier>
    </Filter>
    <Filter Include="Core\User">
      <UniqueIdentifier>{7fc8a299-803c-4c47-85aa-c2ae735dc5d1}</UniqueIdentifier>
    </Filter>
    <Filter Include="Core\User\UserProvider">
      <UniqueIdentifier>{f2df80aa-d355-4f93-8526-b36e7f3a54b3}</UniqueIdentifier>
    </Filter>
    <Filter Include="Core\Music">
      <UniqueIdentifier>{8aab1cd6-0da0-4423-b45c-0f4349cac79f}</UniqueIdentifier>
    </Filter>
  </ItemGroup>
  <ItemGroup>
    <ClCompile Include="main.cpp">
      <Filter>Main</Filter>
    </ClCompile>
    <ClCompile Include="Ui\Screen\Screen.cpp">
      <Filter>Ui\Screen</Filter>
    </ClCompile>
    <ClCompile Include="Ui\Screen\ClientScreen\ClientScreen.cpp">
      <Filter>Ui\Screen\ClientScreen</Filter>
    </ClCompile>
    <ClCompile Include="Core\Music\Music.cpp">
      <Filter>Core\Music</Filter>
    </ClCompile>
    <ClCompile Include="Core\User\UserProvider\UserProvider.cpp">
      <Filter>Core\User\UserProvider</Filter>
    </ClCompile>
    <ClCompile Include="Core\User\User.cpp">
      <Filter>Core\User</Filter>
    </ClCompile>
  </ItemGroup>
  <ItemGroup>
    <ClInclude Include="Ui\Screen\Screen.h">
      <Filter>Ui\Screen</Filter>
    </ClInclude>
    <ClInclude Include="Ui\Screen\ClientScreen\ClientScreen.h">
      <Filter>Ui\Screen\ClientScreen</Filter>
    </ClInclude>
    <ClInclude Include="Library\Library.h">
      <Filter>Library</Filter>
    </ClInclude>
    <ClInclude Include="Core\Music\Music.h">
      <Filter>Core\Music</Filter>
    </ClInclude>
    <ClInclude Include="Core\User\UserProvider\UserProvider.h">
      <Filter>Core\User\UserProvider</Filter>
    </ClInclude>
    <ClInclude Include="Core\User\User.h">
      <Filter>Core\User</Filter>
    </ClInclude>
  </ItemGroup>
  <ItemGroup>
    <None Include="Data\UserData.csv">
      <Filter>Data</Filter>
    </None>
  </ItemGroup>
</Project>